
Microsoft Visual Studio Solution File, Format Version 12.00
# Visual Studio 2015
Project("{FAE04EC0-301F-11D3-BF4B-00C04F79EFBC}") = "Scolfege_Alpha.CSharp", "Scolfege_Alpha.CSharp.csproj", "{87104F19-9080-278C-1E8A-4209E1EECD6B}"
EndProject
Project("{FAE04EC0-301F-11D3-BF4B-00C04F79EFBC}") = "Scolfege_Alpha.CSharp.Editor", "Scolfege_Alpha.CSharp.Editor.csproj", "{9423B6F8-1B76-4E9E-11BE-07FBC64905E3}"
EndProject
Global
	GlobalSection(SolutionConfigurationPlatforms) = preSolution
		Debug|Any CPU = Debug|Any CPU
		Release|Any CPU = Release|Any CPU
	EndGlobalSection
	GlobalSection(ProjectConfigurationPlatforms) = postSolution
		{87104F19-9080-278C-1E8A-4209E1EECD6B}.Debug|Any CPU.ActiveCfg = Debug|Any CPU
		{87104F19-9080-278C-1E8A-4209E1EECD6B}.Debug|Any CPU.Build.0 = Debug|Any CPU
		{87104F19-9080-278C-1E8A-4209E1EECD6B}.Release|Any CPU.ActiveCfg = Release|Any CPU
		{87104F19-9080-278C-1E8A-4209E1EECD6B}.Release|Any CPU.Build.0 = Release|Any CPU
		{9423B6F8-1B76-4E9E-11BE-07FBC64905E3}.Debug|Any CPU.ActiveCfg = Debug|Any CPU
		{9423B6F8-1B76-4E9E-11BE-07FBC64905E3}.Debug|Any CPU.Build.0 = Debug|Any CPU
		{9423B6F8-1B76-4E9E-11BE-07FBC64905E3}.Release|Any CPU.ActiveCfg = Release|Any CPU
		{9423B6F8-1B76-4E9E-11BE-07FBC64905E3}.Release|Any CPU.Build.0 = Release|Any CPU
	EndGlobalSection
	GlobalSection(SolutionProperties) = preSolution
		HideSolutionNode = FALSE
	EndGlobalSection
EndGlobal
